
Microsoft Visual Studio Solution File, Format Version 12.00
# Visual Studio Version 16
VisualStudioVersion = 16.0.29911.84
MinimumVisualStudioVersion = 10.0.40219.1
Project("{FAE04EC0-301F-11D3-BF4B-00C04F79EFBC}") = "Cross", "Cross.csproj", "{6032BE0E-6170-4159-8FA1-C59651801879}"
EndProject
Global
	GlobalSection(SolutionConfigurationPlatforms) = preSolution
		Debug|Any CPU = Debug|Any CPU
		Release|Any CPU = Release|Any CPU
	EndGlobalSection
	GlobalSection(ProjectConfigurationPlatforms) = postSolution
		{6032BE0E-6170-4159-8FA1-C59651801879}.Debug|Any CPU.ActiveCfg = Debug|Any CPU
		{6032BE0E-6170-4159-8FA1-C59651801879}.Debug|Any CPU.Build.0 = Debug|Any CPU
		{6032BE0E-6170-4159-8FA1-C59651801879}.Release|Any CPU.ActiveCfg = Release|Any CPU
		{6032BE0E-6170-4159-8FA1-C59651801879}.Release|Any CPU.Build.0 = Release|Any CPU
	EndGlobalSection
	GlobalSection(SolutionProperties) = preSolution
		HideSolutionNode = FALSE
	EndGlobalSection
	GlobalSection(ExtensibilityGlobals) = postSolution
		SolutionGuid = {E3A3F88D-DE89-4B45-BA64-72277BD1B996}
	EndGlobalSection
EndGlobal
